
Microsoft Visual Studio Solution File, Format Version 12.00
Project("{FAE04EC0-301F-11D3-BF4B-00C04F79EFBC}") = "Api", "Api\Api.csproj", "{08CD750D-98F8-403F-B218-C4122556FACC}"
EndProject
Project("{FAE04EC0-301F-11D3-BF4B-00C04F79EFBC}") = "Data", "Data\Data.csproj", "{DC9064AF-F12F-4CD1-BF3C-BE5EB9673A29}"
EndProject
Project("{FAE04EC0-301F-11D3-BF4B-00C04F79EFBC}") = "DataConsumer", "DataConsumer\DataConsumer.csproj", "{88206EA6-7029-48CE-939F-886A0B4F9788}"
EndProject
Project("{FAE04EC0-301F-11D3-BF4B-00C04F79EFBC}") = "Tests", "Tests\Tests.csproj", "{3447DE2E-88FA-425D-87B8-B468C4923EE4}"
EndProject
Global
	GlobalSection(SolutionConfigurationPlatforms) = preSolution
		Debug|Any CPU = Debug|Any CPU
		Release|Any CPU = Release|Any CPU
	EndGlobalSection
	GlobalSection(ProjectConfigurationPlatforms) = postSolution
		{08CD750D-98F8-403F-B218-C4122556FACC}.Debug|Any CPU.ActiveCfg = Debug|Any CPU
		{08CD750D-98F8-403F-B218-C4122556FACC}.Debug|Any CPU.Build.0 = Debug|Any CPU
		{08CD750D-98F8-403F-B218-C4122556FACC}.Release|Any CPU.ActiveCfg = Release|Any CPU
		{08CD750D-98F8-403F-B218-C4122556FACC}.Release|Any CPU.Build.0 = Release|Any CPU
		{DC9064AF-F12F-4CD1-BF3C-BE5EB9673A29}.Debug|Any CPU.ActiveCfg = Debug|Any CPU
		{DC9064AF-F12F-4CD1-BF3C-BE5EB9673A29}.Debug|Any CPU.Build.0 = Debug|Any CPU
		{DC9064AF-F12F-4CD1-BF3C-BE5EB9673A29}.Release|Any CPU.ActiveCfg = Release|Any CPU
		{DC9064AF-F12F-4CD1-BF3C-BE5EB9673A29}.Release|Any CPU.Build.0 = Release|Any CPU
		{88206EA6-7029-48CE-939F-886A0B4F9788}.Debug|Any CPU.ActiveCfg = Debug|Any CPU
		{88206EA6-7029-48CE-939F-886A0B4F9788}.Debug|Any CPU.Build.0 = Debug|Any CPU
		{88206EA6-7029-48CE-939F-886A0B4F9788}.Release|Any CPU.ActiveCfg = Release|Any CPU
		{88206EA6-7029-48CE-939F-886A0B4F9788}.Release|Any CPU.Build.0 = Release|Any CPU
		{3447DE2E-88FA-425D-87B8-B468C4923EE4}.Debug|Any CPU.ActiveCfg = Debug|Any CPU
		{3447DE2E-88FA-425D-87B8-B468C4923EE4}.Debug|Any CPU.Build.0 = Debug|Any CPU
		{3447DE2E-88FA-425D-87B8-B468C4923EE4}.Release|Any CPU.ActiveCfg = Release|Any CPU
		{3447DE2E-88FA-425D-87B8-B468C4923EE4}.Release|Any CPU.Build.0 = Release|Any CPU
	EndGlobalSection
EndGlobal
